{
  "name": "cairngraph",
  "version": "0.1.0",
  "lockfileVersion": 3,
  "requires": true,
  "packages": {
    "": {
      "name": "cairngraph",
      "version": "0.1.0",
      "license": "MIT",
      "devDependencies": {
        "@types/node": "^20.14.10",
        "typescript": "^5.5.4"
      }
    },
    "node_modules/@types/node": {
      "version": "20.14.10",
      "resolved": "https://registry.npmjs.org/@types/node/-/node-20.14.10.tgz",
      "integrity": "sha512-M1u8WnJZVbTgWnJ8FrXksFUBWqV2V5l5I9ITJ0u+BDpZKTyWDQ8kH+H/0Iw4ZPRBkp9E2GsyIbJkH4IeY3o+3A==",
      "dev": true,
      "dependencies": {
        "undici-types": "~5.26.4"
      }
    },
    "node_modules/typescript": {
      "version": "5.5.4",
      "resolved": "https://registry.npmjs.org/typescript/-/typescript-5.5.4.tgz",
      "integrity": "sha512-1ZYW2n9BY8KgG0LRyDcju/S6kp7fa6YKI+m+5sDrOgtJcaN3sz9A8kZRh2jwrsnGrxV8s2H0uLz3l8d1+QXJ1A==",
      "dev": true,
      "bin": {
        "tsc": "bin/tsc",
        "tsserver": "bin/tsserver"
      },
      "engines": {
        "node": ">=14.17"
      }
    },
    "node_modules/undici-types": {
      "version": "5.26.5",
      "resolved": "https://registry.npmjs.org/undici-types/-/undici-types-5.26.5.tgz",
      "integrity": "sha512-JlK4y5QkscB+qk3pnDGfb9I0RyeM4sFbLKGxXkzOa5UzaH6H9R81f8lNz8CFZ1FhTLn0rrLzH83t7bD7AcYq7A==",
      "dev": true
    }
  }
}
